
Microsoft Visual Studio Solution File, Format Version 12.00
# Visual Studio Version 17
VisualStudioVersion = 17.3.32825.248
MinimumVisualStudioVersion = 10.0.40219.1
Project("{FAE04EC0-301F-11D3-BF4B-00C04F79EFBC}") = "datatest4", "datatest4\datatest4.csproj", "{A08AEE6F-BA0C-43B5-9293-A6EF2AF05C1A}"
EndProject
Global
	GlobalSection(SolutionConfigurationPlatforms) = preSolution
		Debug|Any CPU = Debug|Any CPU
		Release|Any CPU = Release|Any CPU
	EndGlobalSection
	GlobalSection(ProjectConfigurationPlatforms) = postSolution
		{A08AEE6F-BA0C-43B5-9293-A6EF2AF05C1A}.Debug|Any CPU.ActiveCfg = Debug|Any CPU
		{A08AEE6F-BA0C-43B5-9293-A6EF2AF05C1A}.Debug|Any CPU.Build.0 = Debug|Any CPU
		{A08AEE6F-BA0C-43B5-9293-A6EF2AF05C1A}.Release|Any CPU.ActiveCfg = Release|Any CPU
		{A08AEE6F-BA0C-43B5-9293-A6EF2AF05C1A}.Release|Any CPU.Build.0 = Release|Any CPU
	EndGlobalSection
	GlobalSection(SolutionProperties) = preSolution
		HideSolutionNode = FALSE
	EndGlobalSection
	GlobalSection(ExtensibilityGlobals) = postSolution
		SolutionGuid = {900A6D68-A977-4A26-9FAD-1DD000EAA6EE}
	EndGlobalSection
EndGlobal
